
Microsoft Visual Studio Solution File, Format Version 12.00
# Visual Studio Version 16
VisualStudioVersion = 16.0.29728.190
MinimumVisualStudioVersion = 10.0.40219.1
Project("{FAE04EC0-301F-11D3-BF4B-00C04F79EFBC}") = "Enum_Testes", "Enum_Testes\Enum_Testes.csproj", "{74C6E7E8-7C14-4771-8A0E-873FDD498E63}"
EndProject
Global
	GlobalSection(SolutionConfigurationPlatforms) = preSolution
		Debug|Any CPU = Debug|Any CPU
		Release|Any CPU = Release|Any CPU
	EndGlobalSection
	GlobalSection(ProjectConfigurationPlatforms) = postSolution
		{74C6E7E8-7C14-4771-8A0E-873FDD498E63}.Debug|Any CPU.ActiveCfg = Debug|Any CPU
		{74C6E7E8-7C14-4771-8A0E-873FDD498E63}.Debug|Any CPU.Build.0 = Debug|Any CPU
		{74C6E7E8-7C14-4771-8A0E-873FDD498E63}.Release|Any CPU.ActiveCfg = Release|Any CPU
		{74C6E7E8-7C14-4771-8A0E-873FDD498E63}.Release|Any CPU.Build.0 = Release|Any CPU
	EndGlobalSection
	GlobalSection(SolutionProperties) = preSolution
		HideSolutionNode = FALSE
	EndGlobalSection
	GlobalSection(ExtensibilityGlobals) = postSolution
		SolutionGuid = {611E7D20-A78A-4D56-8EFE-FFADD3526843}
	EndGlobalSection
EndGlobal
